schema: '2.0'
stages:
  data_cleaning:
    cmd: python src/data/data_cleaning.py
    deps:
    - path: data/raw/swiggy.csv
      hash: md5
      md5: 55bd6cc42f2360b5de9569cf9cbd8342
      size: 7726618
    - path: src/data/data_cleaning.py
      hash: md5
      md5: c83d4396390740a23b6eda9c88a9b317
      size: 9262
    outs:
    - path: data/cleaned/swiggy_cleaned.csv
      hash: md5
      md5: 355332e2d9978b88f83b0a50fe6aedb5
      size: 4463056
